// !$*UTF8*$!
{
	archiveVersion = 1;
	classes = {
	};
	objectVersion = 50;
	objects = {

/* Begin PBXBuildFile section */
		863377B9234319E100100086 /* AppDelegate.swift in Sources */ = {isa = PBXBuildFile; fileRef = 863377B8234319E100100086 /* AppDelegate.swift */; };
		863377BB234319E100100086 /* ViewController.swift in Sources */ = {isa = PBXBuildFile; fileRef = 863377BA234319E100100086 /* ViewController.swift */; };
		863377BE234319E100100086 /* Main.storyboard in Resources */ = {isa = PBXBuildFile; fileRef = 863377BC234319E100100086 /* Main.storyboard */; };
		863377C0234319E400100086 /* Assets.xcassets in Resources */ = {isa = PBXBuildFile; fileRef = 863377BF234319E400100086 /* Assets.xcassets */; };
		863377C3234319E400100086 /* LaunchScreen.storyboard in Resources */ = {isa = PBXBuildFile; fileRef = 863377C1234319E400100086 /* LaunchScreen.storyboard */; };
		863377CB23431CF200100086 /* CollectionViewCell.swift in Sources */ = {isa = PBXBuildFile; fileRef = 863377CA23431CF200100086 /* CollectionViewCell.swift */; };
		8687B153234384040060B63B /* ViewControllerCvw.swift in Sources */ = {isa = PBXBuildFile; fileRef = 8687B152234384040060B63B /* ViewControllerCvw.swift */; };
		8687B157234384830060B63B /* CollectionViewCell2.swift in Sources */ = {isa = PBXBuildFile; fileRef = 8687B156234384830060B63B /* CollectionViewCell2.swift */; };
		8687B15923438C520060B63B /* ViewControllerCv3.swift in Sources */ = {isa = PBXBuildFile; fileRef = 8687B15823438C520060B63B /* ViewControllerCv3.swift */; };
/* End PBXBuildFile section */

/* Begin PBXFileReference section */
		863377B5234319E100100086 /* CollectionView.app */ = {isa = PBXFileReference; explicitFileType = wrapper.application; includeInIndex = 0; path = CollectionView.app; sourceTree = BUILT_PRODUCTS_DIR; };
		863377B8234319E100100086 /* AppDelegate.swift */ = {isa = PBXFileReference; lastKnownFileType = sourcecode.swift; path = AppDelegate.swift; sourceTree = "<group>"; };
		863377BA234319E100100086 /* ViewController.swift */ = {isa = PBXFileReference; lastKnownFileType = sourcecode.swift; path = ViewController.swift; sourceTree = "<group>"; };
		863377BD234319E100100086 /* Base */ = {isa = PBXFileReference; lastKnownFileType = file.storyboard; name = Base; path = Base.lproj/Main.storyboard; sourceTree = "<group>"; };
		863377BF234319E400100086 /* Assets.xcassets */ = {isa = PBXFileReference; lastKnownFileType = folder.assetcatalog; path = Assets.xcassets; sourceTree = "<group>"; };
		863377C2234319E400100086 /* Base */ = {isa = PBXFileReference; lastKnownFileType = file.storyboard; name = Base; path = Base.lproj/LaunchScreen.storyboard; sourceTree = "<group>"; };
		863377C4234319E400100086 /* Info.plist */ = {isa = PBXFileReference; lastKnownFileType = text.plist.xml; path = Info.plist; sourceTree = "<group>"; };
		863377CA23431CF200100086 /* CollectionViewCell.swift */ = {isa = PBXFileReference; lastKnownFileType = sourcecode.swift; path = CollectionViewCell.swift; sourceTree = "<group>"; };
		8687B152234384040060B63B /* ViewControllerCvw.swift */ = {isa = PBXFileReference; lastKnownFileType = sourcecode.swift; path = ViewControllerCvw.swift; sourceTree = "<group>"; };
		8687B156234384830060B63B /* CollectionViewCell2.swift */ = {isa = PBXFileReference; lastKnownFileType = sourcecode.swift; path = CollectionViewCell2.swift; sourceTree = "<group>"; };
		8687B15823438C520060B63B /* ViewControllerCv3.swift */ = {isa = PBXFileReference; lastKnownFileType = sourcecode.swift; path = ViewControllerCv3.swift; sourceTree = "<group>"; };
/* End PBXFileReference section */

/* Begin PBXFrameworksBuildPhase section */
		863377B2234319E100100086 /* Frameworks */ = {
			isa = PBXFrameworksBuildPhase;
			buildActionMask = 2147483647;
			files = (
			);
			runOnlyForDeploymentPostprocessing = 0;
		};
/* End PBXFrameworksBuildPhase section */

/* Begin PBXGroup section */
		863377AC234319E100100086 = {
			isa = PBXGroup;
			children = (
				863377B7234319E100100086 /* CollectionView */,
				863377B6234319E100100086 /* Products */,
			);
			sourceTree = "<group>";
		};
		863377B6234319E100100086 /* Products */ = {
			isa = PBXGroup;
			children = (
				863377B5234319E100100086 /* CollectionView.app */,
			);
			name = Products;
			sourceTree = "<group>";
		};
		863377B7234319E100100086 /* CollectionView */ = {
			isa = PBXGroup;
			children = (
				863377B8234319E100100086 /* AppDelegate.swift */,
				863377BA234319E100100086 /* ViewController.swift */,
				863377BC234319E100100086 /* Main.storyboard */,
				8687B15823438C520060B63B /* ViewControllerCv3.swift */,
				8687B156234384830060B63B /* CollectionViewCell2.swift */,
				8687B152234384040060B63B /* ViewControllerCvw.swift */,
				863377CA23431CF200100086 /* CollectionViewCell.swift */,
				863377BF234319E400100086 /* Assets.xcassets */,
				863377C1234319E400100086 /* LaunchScreen.storyboard */,
				863377C4234319E400100086 /* Info.plist */,
			);
			path = CollectionView;
			sourceTree = "<group>";
		};
/* End PBXGroup section */

/* Begin PBXNativeTarget section */
		863377B4234319E100100086 /* CollectionView */ = {
			isa = PBXNativeTarget;
			buildConfigurationList = 863377C7234319E400100086 /* Build configuration list for PBXNativeTarget "CollectionView" */;
			buildPhases = (
				863377B1234319E100100086 /* Sources */,
				863377B2234319E100100086 /* Frameworks */,
				863377B3234319E100100086 /* Resources */,
			);
			buildRules = (
			);
			dependencies = (
			);
			name = CollectionView;
			productName = CollectionView;
			productReference = 863377B5234319E100100086 /* CollectionView.app */;
			productType = "com.apple.product-type.application";
		};
/* End PBXNativeTarget section */

/* Begin PBXProject section */
		863377AD234319E100100086 /* Project object */ = {
			isa = PBXProject;
			attributes = {
				LastSwiftUpdateCheck = 1020;
				LastUpgradeCheck = 1020;
				ORGANIZATIONNAME = Training;
				TargetAttributes = {
					863377B4234319E100100086 = {
						CreatedOnToolsVersion = 10.2.1;
					};
				};
			};
			buildConfigurationList = 863377B0234319E100100086 /* Build configuration list for PBXProject "CollectionView" */;
			compatibilityVersion = "Xcode 9.3";
			developmentRegion = en;
			hasScannedForEncodings = 0;
			knownRegions = (
				en,
				Base,
			);
			mainGroup = 863377AC234319E100100086;
			productRefGroup = 863377B6234319E100100086 /* Products */;
			projectDirPath = "";
			projectRoot = "";
			targets = (
				863377B4234319E100100086 /* CollectionView */,
			);
		};
/* End PBXProject section */

/* Begin PBXResourcesBuildPhase section */
		863377B3234319E100100086 /* Resources */ = {
			isa = PBXResourcesBuildPhase;
			buildActionMask = 2147483647;
			files = (
				863377C3234319E400100086 /* LaunchScreen.storyboard in Resources */,
				863377C0234319E400100086 /* Assets.xcassets in Resources */,
				863377BE234319E100100086 /* Main.storyboard in Resources */,
			);
			runOnlyForDeploymentPostprocessing = 0;
		};
/* End PBXResourcesBuildPhase section */

/* Begin PBXSourcesBuildPhase section */
		863377B1234319E100100086 /* Sources */ = {
			isa = PBXSourcesBuildPhase;
			buildActionMask = 2147483647;
			files = (
				863377BB234319E100100086 /* ViewController.swift in Sources */,
				8687B153234384040060B63B /* ViewControllerCvw.swift in Sources */,
				8687B157234384830060B63B /* CollectionViewCell2.swift in Sources */,
				8687B15923438C520060B63B /* ViewControllerCv3.swift in Sources */,
				863377B9234319E100100086 /* AppDelegate.swift in Sources */,
				863377CB23431CF200100086 /* CollectionViewCell.swift in Sources */,
			);
			runOnlyForDeploymentPostprocessing = 0;
		};
/* End PBXSourcesBuildPhase section */

/* Begin PBXVariantGroup section */
		863377BC234319E100100086 /* Main.storyboard */ = {
			isa = PBXVariantGroup;
			children = (
				863377BD234319E100100086 /* Base */,
			);
			name = Main.storyboard;
			sourceTree = "<group>";
		};
		863377C1234319E400100086 /* LaunchScreen.storyboard */ = {
			isa = PBXVariantGroup;
			children = (
				863377C2234319E400100086 /* Base */,
			);
			name = LaunchScreen.storyboard;
			sourceTree = "<group>";
		};
/* End PBXVariantGroup section */

/* Begin XCBuildConfiguration section */
		863377C5234319E400100086 /* Debug */ = {
			isa = XCBuildConfiguration;
			buildSettings = {
				ALWAYS_SEARCH_USER_PATHS = NO;
				CLANG_ANALYZER_NONNULL = YES;
				CLANG_ANALYZER_NUMBER_OBJECT_CONVERSION = YES_AGGRESSIVE;
				CLANG_CXX_LANGUAGE_STANDARD = "gnu++14";
				CLANG_CXX_LIBRARY = "libc++";
				CLANG_ENABLE_MODULES = YES;
				CLANG_ENABLE_OBJC_ARC = YES;
				CLANG_ENABLE_OBJC_WEAK = YES;
				CLANG_WARN_BLOCK_CAPTURE_AUTORELEASING = YES;
				CLANG_WARN_BOOL_CONVERSION = YES;
				CLANG_WARN_COMMA = YES;
				CLANG_WARN_CONSTANT_CONVERSION = YES;
				CLANG_WARN_DEPRECATED_OBJC_IMPLEMENTATIONS = YES;
				CLANG_WARN_DIRECT_OBJC_ISA_USAGE = YES_ERROR;
				CLANG_WARN_DOCUMENTATION_COMMENTS = YES;
				CLANG_WARN_EMPTY_BODY = YES;
				CLANG_WARN_ENUM_CONVERSION = YES;
				CLANG_WARN_INFINITE_RECURSION = YES;
				CLANG_WARN_INT_CONVERSION = YES;
				CLANG_WARN_NON_LITERAL_NULL_CONVERSION = YES;
				CLANG_WARN_OBJC_IMPLICIT_RETAIN_SELF = YES;
				CLANG_WARN_OBJC_LITERAL_CONVERSION = YES;
				CLANG_WARN_OBJC_ROOT_CLASS = YES_ERROR;
				CLANG_WARN_RANGE_LOOP_ANALYSIS = YES;
				CLANG_WARN_STRICT_PROTOTYPES = YES;
				CLANG_WARN_SUSPICIOUS_MOVE = YES;
				CLANG_WARN_UNGUARDED_AVAILABILITY = YES_AGGRESSIVE;
				CLANG_WARN_UNREACHABLE_CODE = YES;
				CLANG_WARN__DUPLICATE_METHOD_MATCH = YES;
				CODE_SIGN_IDENTITY = "iPhone Developer";
				COPY_PHASE_STRIP = NO;
				DEBUG_INFORMATION_FORMAT = dwarf;
				ENABLE_STRICT_OBJC_MSGSEND = YES;
				ENABLE_TESTABILITY = YES;
				GCC_C_LANGUAGE_STANDARD = gnu11;
				GCC_DYNAMIC_NO_PIC = NO;
				GCC_NO_COMMON_BLOCKS = YES;
				GCC_OPTIMIZATION_LEVEL = 0;
				GCC_PREPROCESSOR_DEFINITIONS = (
					"DEBUG=1",
					"$(inherited)",
				);
				GCC_WARN_64_TO_32_BIT_CONVERSION = YES;
				GCC_WARN_ABOUT_RETURN_TYPE = YES_ERROR;
				GCC_WARN_UNDECLARED_SELECTOR = YES;
				GCC_WARN_UNINITIALIZED_AUTOS = YES_AGGRESSIVE;
				GCC_WARN_UNUSED_FUNCTION = YES;
				GCC_WARN_UNUSED_VARIABLE = YES;
				IPHONEOS_DEPLOYMENT_TARGET = 12.2;
				MTL_ENABLE_DEBUG_INFO = INCLUDE_SOURCE;
				MTL_FAST_MATH = YES;
				ONLY_ACTIVE_ARCH = YES;
				SDKROOT = iphoneos;
				SWIFT_ACTIVE_COMPILATION_CONDITIONS = DEBUG;
				SWIFT_OPTIMIZATION_LEVEL = "-Onone";
			};
			name = Debug;
		};
		863377C6234319E400100086 /* Release */ = {
			isa = XCBuildConfiguration;
			buildSettings = {
				ALWAYS_SEARCH_USER_PATHS = NO;
				CLANG_ANALYZER_NONNULL = YES;
				CLANG_ANALYZER_NUMBER_OBJECT_CONVERSION = YES_AGGRESSIVE;
				CLANG_CXX_LANGUAGE_STANDARD = "gnu++14";
				CLANG_CXX_LIBRARY = "libc++";
				CLANG_ENABLE_MODULES = YES;
				CLANG_ENABLE_OBJC_ARC = YES;
				CLANG_ENABLE_OBJC_WEAK = YES;
				CLANG_WARN_BLOCK_CAPTURE_AUTORELEASING = YES;
				CLANG_WARN_BOOL_CONVERSION = YES;
				CLANG_WARN_COMMA = YES;
				CLANG_WARN_CONSTANT_CONVERSION = YES;
				CLANG_WARN_DEPRECATED_OBJC_IMPLEMENTATIONS = YES;
				CLANG_WARN_DIRECT_OBJC_ISA_USAGE = YES_ERROR;
				CLANG_WARN_DOCUMENTATION_COMMENTS = YES;
				CLANG_WARN_EMPTY_BODY = YES;
				CLANG_WARN_ENUM_CONVERSION = YES;
				CLANG_WARN_INFINITE_RECURSION = YES;
				CLANG_WARN_INT_CONVERSION = YES;
				CLANG_WARN_NON_LITERAL_NULL_CONVERSION = YES;
				CLANG_WARN_OBJC_IMPLICIT_RETAIN_SELF = YES;
				CLANG_WARN_OBJC_LITERAL_CONVERSION = YES;
				CLANG_WARN_OBJC_ROOT_CLASS = YES_ERROR;
				CLANG_WARN_RANGE_LOOP_ANALYSIS = YES;
				CLANG_WARN_STRICT_PROTOTYPES = YES;
				CLANG_WARN_SUSPICIOUS_MOVE = YES;
				CLANG_WARN_UNGUARDED_AVAILABILITY = YES_AGGRESSIVE;
				CLANG_WARN_UNREACHABLE_CODE = YES;
				CLANG_WARN__DUPLICATE_METHOD_MATCH = YES;
				CODE_SIGN_IDENTITY = "iPhone Developer";
				COPY_PHASE_STRIP = NO;
				DEBUG_INFORMATION_FORMAT = "dwarf-with-dsym";
				ENABLE_NS_ASSERTIONS = NO;
				ENABLE_STRICT_OBJC_MSGSEND = YES;
				GCC_C_LANGUAGE_STANDARD = gnu11;
				GCC_NO_COMMON_BLOCKS = YES;
				GCC_WARN_64_TO_32_BIT_CONVERSION = YES;
				GCC_WARN_ABOUT_RETURN_TYPE = YES_ERROR;
				GCC_WARN_UNDECLARED_SELECTOR = YES;
				GCC_WARN_UNINITIALIZED_AUTOS = YES_AGGRESSIVE;
				GCC_WARN_UNUSED_FUNCTION = YES;
				GCC_WARN_UNUSED_VARIABLE = YES;
				IPHONEOS_DEPLOYMENT_TARGET = 12.2;
				MTL_ENABLE_DEBUG_INFO = NO;
				MTL_FAST_MATH = YES;
				SDKROOT = iphoneos;
				SWIFT_COMPILATION_MODE = wholemodule;
				SWIFT_OPTIMIZATION_LEVEL = "-O";
				VALIDATE_PRODUCT = YES;
			};
			name = Release;
		};
		863377C8234319E400100086 /* Debug */ = {
			isa = XCBuildConfiguration;
			buildSettings = {
				ASSETCATALOG_COMPILER_APPICON_NAME = AppIcon;
				CODE_SIGN_STYLE = Automatic;
				INFOPLIST_FILE = CollectionView/Info.plist;
				LD_RUNPATH_SEARCH_PATHS = (
					"$(inherited)",
					"@executable_path/Frameworks",
				);
				PRODUCT_BUNDLE_IDENTIFIER = abc.CollectionView;
				PRODUCT_NAME = "$(TARGET_NAME)";
				SWIFT_VERSION = 5.0;
				TARGETED_DEVICE_FAMILY = "1,2";
			};
			name = Debug;
		};
		863377C9234319E400100086 /* Release */ = {
			isa = XCBuildConfiguration;
			buildSettings = {
				ASSETCATALOG_COMPILER_APPICON_NAME = AppIcon;
				CODE_SIGN_STYLE = Automatic;
				INFOPLIST_FILE = CollectionView/Info.plist;
				LD_RUNPATH_SEARCH_PATHS = (
					"$(inherited)",
					"@executable_path/Frameworks",
				);
				PRODUCT_BUNDLE_IDENTIFIER = abc.CollectionView;
				PRODUCT_NAME = "$(TARGET_NAME)";
				SWIFT_VERSION = 5.0;
				TARGETED_DEVICE_FAMILY = "1,2";
			};
			name = Release;
		};
/* End XCBuildConfiguration section */

/* Begin XCConfigurationList section */
		863377B0234319E100100086 /* Build configuration list for PBXProject "CollectionView" */ = {
			isa = XCConfigurationList;
			buildConfigurations = (
				863377C5234319E400100086 /* Debug */,
				863377C6234319E400100086 /* Release */,
			);
			defaultConfigurationIsVisible = 0;
			defaultConfigurationName = Release;
		};
		863377C7234319E400100086 /* Build configuration list for PBXNativeTarget "CollectionView" */ = {
			isa = XCConfigurationList;
			buildConfigurations = (
				863377C8234319E400100086 /* Debug */,
				863377C9234319E400100086 /* Release */,
			);
			defaultConfigurationIsVisible = 0;
			defaultConfigurationName = Release;
		};
/* End XCConfigurationList section */
	};
	rootObject = 863377AD234319E100100086 /* Project object */;
}
