// !$*UTF8*$!
{
	archiveVersion = 1;
	classes = {
	};
	objectVersion = 50;
	objects = {

/* Begin PBXBuildFile section */
		868DF7D323461B4800E00E7A /* AppDelegate.swift in Sources */ = {isa = PBXBuildFile; fileRef = 868DF7D223461B4800E00E7A /* AppDelegate.swift */; };
		868DF7D523461B4800E00E7A /* ViewController.swift in Sources */ = {isa = PBXBuildFile; fileRef = 868DF7D423461B4800E00E7A /* ViewController.swift */; };
		868DF7D823461B4800E00E7A /* Main.storyboard in Resources */ = {isa = PBXBuildFile; fileRef = 868DF7D623461B4800E00E7A /* Main.storyboard */; };
		868DF7DA23461B4C00E00E7A /* Assets.xcassets in Resources */ = {isa = PBXBuildFile; fileRef = 868DF7D923461B4C00E00E7A /* Assets.xcassets */; };
		868DF7DD23461B4C00E00E7A /* LaunchScreen.storyboard in Resources */ = {isa = PBXBuildFile; fileRef = 868DF7DB23461B4C00E00E7A /* LaunchScreen.storyboard */; };
		868DF7E523461C2E00E00E7A /* TableViewCell1.swift in Sources */ = {isa = PBXBuildFile; fileRef = 868DF7E423461C2E00E00E7A /* TableViewCell1.swift */; };
		868DF7E723461C3C00E00E7A /* ViewController1.swift in Sources */ = {isa = PBXBuildFile; fileRef = 868DF7E623461C3C00E00E7A /* ViewController1.swift */; };
/* End PBXBuildFile section */

/* Begin PBXFileReference section */
		868DF7CF23461B4800E00E7A /* Nsmutable.app */ = {isa = PBXFileReference; explicitFileType = wrapper.application; includeInIndex = 0; path = Nsmutable.app; sourceTree = BUILT_PRODUCTS_DIR; };
		868DF7D223461B4800E00E7A /* AppDelegate.swift */ = {isa = PBXFileReference; lastKnownFileType = sourcecode.swift; path = AppDelegate.swift; sourceTree = "<group>"; };
		868DF7D423461B4800E00E7A /* ViewController.swift */ = {isa = PBXFileReference; lastKnownFileType = sourcecode.swift; path = ViewController.swift; sourceTree = "<group>"; };
		868DF7D723461B4800E00E7A /* Base */ = {isa = PBXFileReference; lastKnownFileType = file.storyboard; name = Base; path = Base.lproj/Main.storyboard; sourceTree = "<group>"; };
		868DF7D923461B4C00E00E7A /* Assets.xcassets */ = {isa = PBXFileReference; lastKnownFileType = folder.assetcatalog; path = Assets.xcassets; sourceTree = "<group>"; };
		868DF7DC23461B4C00E00E7A /* Base */ = {isa = PBXFileReference; lastKnownFileType = file.storyboard; name = Base; path = Base.lproj/LaunchScreen.storyboard; sourceTree = "<group>"; };
		868DF7DE23461B4C00E00E7A /* Info.plist */ = {isa = PBXFileReference; lastKnownFileType = text.plist.xml; path = Info.plist; sourceTree = "<group>"; };
		868DF7E423461C2E00E00E7A /* TableViewCell1.swift */ = {isa = PBXFileReference; lastKnownFileType = sourcecode.swift; path = TableViewCell1.swift; sourceTree = "<group>"; };
		868DF7E623461C3C00E00E7A /* ViewController1.swift */ = {isa = PBXFileReference; lastKnownFileType = sourcecode.swift; path = ViewController1.swift; sourceTree = "<group>"; };
/* End PBXFileReference section */

/* Begin PBXFrameworksBuildPhase section */
		868DF7CC23461B4800E00E7A /* Frameworks */ = {
			isa = PBXFrameworksBuildPhase;
			buildActionMask = 2147483647;
			files = (
			);
			runOnlyForDeploymentPostprocessing = 0;
		};
/* End PBXFrameworksBuildPhase section */

/* Begin PBXGroup section */
		868DF7C623461B4800E00E7A = {
			isa = PBXGroup;
			children = (
				868DF7D123461B4800E00E7A /* Nsmutable */,
				868DF7D023461B4800E00E7A /* Products */,
			);
			sourceTree = "<group>";
		};
		868DF7D023461B4800E00E7A /* Products */ = {
			isa = PBXGroup;
			children = (
				868DF7CF23461B4800E00E7A /* Nsmutable.app */,
			);
			name = Products;
			sourceTree = "<group>";
		};
		868DF7D123461B4800E00E7A /* Nsmutable */ = {
			isa = PBXGroup;
			children = (
				868DF7D223461B4800E00E7A /* AppDelegate.swift */,
				868DF7D423461B4800E00E7A /* ViewController.swift */,
				868DF7D623461B4800E00E7A /* Main.storyboard */,
				868DF7E623461C3C00E00E7A /* ViewController1.swift */,
				868DF7E423461C2E00E00E7A /* TableViewCell1.swift */,
				868DF7D923461B4C00E00E7A /* Assets.xcassets */,
				868DF7DB23461B4C00E00E7A /* LaunchScreen.storyboard */,
				868DF7DE23461B4C00E00E7A /* Info.plist */,
			);
			path = Nsmutable;
			sourceTree = "<group>";
		};
/* End PBXGroup section */

/* Begin PBXNativeTarget section */
		868DF7CE23461B4800E00E7A /* Nsmutable */ = {
			isa = PBXNativeTarget;
			buildConfigurationList = 868DF7E123461B4C00E00E7A /* Build configuration list for PBXNativeTarget "Nsmutable" */;
			buildPhases = (
				868DF7CB23461B4800E00E7A /* Sources */,
				868DF7CC23461B4800E00E7A /* Frameworks */,
				868DF7CD23461B4800E00E7A /* Resources */,
			);
			buildRules = (
			);
			dependencies = (
			);
			name = Nsmutable;
			productName = Nsmutable;
			productReference = 868DF7CF23461B4800E00E7A /* Nsmutable.app */;
			productType = "com.apple.product-type.application";
		};
/* End PBXNativeTarget section */

/* Begin PBXProject section */
		868DF7C723461B4800E00E7A /* Project object */ = {
			isa = PBXProject;
			attributes = {
				LastSwiftUpdateCheck = 1020;
				LastUpgradeCheck = 1020;
				ORGANIZATIONNAME = Training;
				TargetAttributes = {
					868DF7CE23461B4800E00E7A = {
						CreatedOnToolsVersion = 10.2.1;
					};
				};
			};
			buildConfigurationList = 868DF7CA23461B4800E00E7A /* Build configuration list for PBXProject "Nsmutable" */;
			compatibilityVersion = "Xcode 9.3";
			developmentRegion = en;
			hasScannedForEncodings = 0;
			knownRegions = (
				en,
				Base,
			);
			mainGroup = 868DF7C623461B4800E00E7A;
			productRefGroup = 868DF7D023461B4800E00E7A /* Products */;
			projectDirPath = "";
			projectRoot = "";
			targets = (
				868DF7CE23461B4800E00E7A /* Nsmutable */,
			);
		};
/* End PBXProject section */

/* Begin PBXResourcesBuildPhase section */
		868DF7CD23461B4800E00E7A /* Resources */ = {
			isa = PBXResourcesBuildPhase;
			buildActionMask = 2147483647;
			files = (
				868DF7DD23461B4C00E00E7A /* LaunchScreen.storyboard in Resources */,
				868DF7DA23461B4C00E00E7A /* Assets.xcassets in Resources */,
				868DF7D823461B4800E00E7A /* Main.storyboard in Resources */,
			);
			runOnlyForDeploymentPostprocessing = 0;
		};
/* End PBXResourcesBuildPhase section */

/* Begin PBXSourcesBuildPhase section */
		868DF7CB23461B4800E00E7A /* Sources */ = {
			isa = PBXSourcesBuildPhase;
			buildActionMask = 2147483647;
			files = (
				868DF7E723461C3C00E00E7A /* ViewController1.swift in Sources */,
				868DF7E523461C2E00E00E7A /* TableViewCell1.swift in Sources */,
				868DF7D523461B4800E00E7A /* ViewController.swift in Sources */,
				868DF7D323461B4800E00E7A /* AppDelegate.swift in Sources */,
			);
			runOnlyForDeploymentPostprocessing = 0;
		};
/* End PBXSourcesBuildPhase section */

/* Begin PBXVariantGroup section */
		868DF7D623461B4800E00E7A /* Main.storyboard */ = {
			isa = PBXVariantGroup;
			children = (
				868DF7D723461B4800E00E7A /* Base */,
			);
			name = Main.storyboard;
			sourceTree = "<group>";
		};
		868DF7DB23461B4C00E00E7A /* LaunchScreen.storyboard */ = {
			isa = PBXVariantGroup;
			children = (
				868DF7DC23461B4C00E00E7A /* Base */,
			);
			name = LaunchScreen.storyboard;
			sourceTree = "<group>";
		};
/* End PBXVariantGroup section */

/* Begin XCBuildConfiguration section */
		868DF7DF23461B4C00E00E7A /* Debug */ = {
			isa = XCBuildConfiguration;
			buildSettings = {
				ALWAYS_SEARCH_USER_PATHS = NO;
				CLANG_ANALYZER_NONNULL = YES;
				CLANG_ANALYZER_NUMBER_OBJECT_CONVERSION = YES_AGGRESSIVE;
				CLANG_CXX_LANGUAGE_STANDARD = "gnu++14";
				CLANG_CXX_LIBRARY = "libc++";
				CLANG_ENABLE_MODULES = YES;
				CLANG_ENABLE_OBJC_ARC = YES;
				CLANG_ENABLE_OBJC_WEAK = YES;
				CLANG_WARN_BLOCK_CAPTURE_AUTORELEASING = YES;
				CLANG_WARN_BOOL_CONVERSION = YES;
				CLANG_WARN_COMMA = YES;
				CLANG_WARN_CONSTANT_CONVERSION = YES;
				CLANG_WARN_DEPRECATED_OBJC_IMPLEMENTATIONS = YES;
				CLANG_WARN_DIRECT_OBJC_ISA_USAGE = YES_ERROR;
				CLANG_WARN_DOCUMENTATION_COMMENTS = YES;
				CLANG_WARN_EMPTY_BODY = YES;
				CLANG_WARN_ENUM_CONVERSION = YES;
				CLANG_WARN_INFINITE_RECURSION = YES;
				CLANG_WARN_INT_CONVERSION = YES;
				CLANG_WARN_NON_LITERAL_NULL_CONVERSION = YES;
				CLANG_WARN_OBJC_IMPLICIT_RETAIN_SELF = YES;
				CLANG_WARN_OBJC_LITERAL_CONVERSION = YES;
				CLANG_WARN_OBJC_ROOT_CLASS = YES_ERROR;
				CLANG_WARN_RANGE_LOOP_ANALYSIS = YES;
				CLANG_WARN_STRICT_PROTOTYPES = YES;
				CLANG_WARN_SUSPICIOUS_MOVE = YES;
				CLANG_WARN_UNGUARDED_AVAILABILITY = YES_AGGRESSIVE;
				CLANG_WARN_UNREACHABLE_CODE = YES;
				CLANG_WARN__DUPLICATE_METHOD_MATCH = YES;
				CODE_SIGN_IDENTITY = "iPhone Developer";
				COPY_PHASE_STRIP = NO;
				DEBUG_INFORMATION_FORMAT = dwarf;
				ENABLE_STRICT_OBJC_MSGSEND = YES;
				ENABLE_TESTABILITY = YES;
				GCC_C_LANGUAGE_STANDARD = gnu11;
				GCC_DYNAMIC_NO_PIC = NO;
				GCC_NO_COMMON_BLOCKS = YES;
				GCC_OPTIMIZATION_LEVEL = 0;
				GCC_PREPROCESSOR_DEFINITIONS = (
					"DEBUG=1",
					"$(inherited)",
				);
				GCC_WARN_64_TO_32_BIT_CONVERSION = YES;
				GCC_WARN_ABOUT_RETURN_TYPE = YES_ERROR;
				GCC_WARN_UNDECLARED_SELECTOR = YES;
				GCC_WARN_UNINITIALIZED_AUTOS = YES_AGGRESSIVE;
				GCC_WARN_UNUSED_FUNCTION = YES;
				GCC_WARN_UNUSED_VARIABLE = YES;
				IPHONEOS_DEPLOYMENT_TARGET = 12.2;
				MTL_ENABLE_DEBUG_INFO = INCLUDE_SOURCE;
				MTL_FAST_MATH = YES;
				ONLY_ACTIVE_ARCH = YES;
				SDKROOT = iphoneos;
				SWIFT_ACTIVE_COMPILATION_CONDITIONS = DEBUG;
				SWIFT_OPTIMIZATION_LEVEL = "-Onone";
			};
			name = Debug;
		};
		868DF7E023461B4C00E00E7A /* Release */ = {
			isa = XCBuildConfiguration;
			buildSettings = {
				ALWAYS_SEARCH_USER_PATHS = NO;
				CLANG_ANALYZER_NONNULL = YES;
				CLANG_ANALYZER_NUMBER_OBJECT_CONVERSION = YES_AGGRESSIVE;
				CLANG_CXX_LANGUAGE_STANDARD = "gnu++14";
				CLANG_CXX_LIBRARY = "libc++";
				CLANG_ENABLE_MODULES = YES;
				CLANG_ENABLE_OBJC_ARC = YES;
				CLANG_ENABLE_OBJC_WEAK = YES;
				CLANG_WARN_BLOCK_CAPTURE_AUTORELEASING = YES;
				CLANG_WARN_BOOL_CONVERSION = YES;
				CLANG_WARN_COMMA = YES;
				CLANG_WARN_CONSTANT_CONVERSION = YES;
				CLANG_WARN_DEPRECATED_OBJC_IMPLEMENTATIONS = YES;
				CLANG_WARN_DIRECT_OBJC_ISA_USAGE = YES_ERROR;
				CLANG_WARN_DOCUMENTATION_COMMENTS = YES;
				CLANG_WARN_EMPTY_BODY = YES;
				CLANG_WARN_ENUM_CONVERSION = YES;
				CLANG_WARN_INFINITE_RECURSION = YES;
				CLANG_WARN_INT_CONVERSION = YES;
				CLANG_WARN_NON_LITERAL_NULL_CONVERSION = YES;
				CLANG_WARN_OBJC_IMPLICIT_RETAIN_SELF = YES;
				CLANG_WARN_OBJC_LITERAL_CONVERSION = YES;
				CLANG_WARN_OBJC_ROOT_CLASS = YES_ERROR;
				CLANG_WARN_RANGE_LOOP_ANALYSIS = YES;
				CLANG_WARN_STRICT_PROTOTYPES = YES;
				CLANG_WARN_SUSPICIOUS_MOVE = YES;
				CLANG_WARN_UNGUARDED_AVAILABILITY = YES_AGGRESSIVE;
				CLANG_WARN_UNREACHABLE_CODE = YES;
				CLANG_WARN__DUPLICATE_METHOD_MATCH = YES;
				CODE_SIGN_IDENTITY = "iPhone Developer";
				COPY_PHASE_STRIP = NO;
				DEBUG_INFORMATION_FORMAT = "dwarf-with-dsym";
				ENABLE_NS_ASSERTIONS = NO;
				ENABLE_STRICT_OBJC_MSGSEND = YES;
				GCC_C_LANGUAGE_STANDARD = gnu11;
				GCC_NO_COMMON_BLOCKS = YES;
				GCC_WARN_64_TO_32_BIT_CONVERSION = YES;
				GCC_WARN_ABOUT_RETURN_TYPE = YES_ERROR;
				GCC_WARN_UNDECLARED_SELECTOR = YES;
				GCC_WARN_UNINITIALIZED_AUTOS = YES_AGGRESSIVE;
				GCC_WARN_UNUSED_FUNCTION = YES;
				GCC_WARN_UNUSED_VARIABLE = YES;
				IPHONEOS_DEPLOYMENT_TARGET = 12.2;
				MTL_ENABLE_DEBUG_INFO = NO;
				MTL_FAST_MATH = YES;
				SDKROOT = iphoneos;
				SWIFT_COMPILATION_MODE = wholemodule;
				SWIFT_OPTIMIZATION_LEVEL = "-O";
				VALIDATE_PRODUCT = YES;
			};
			name = Release;
		};
		868DF7E223461B4C00E00E7A /* Debug */ = {
			isa = XCBuildConfiguration;
			buildSettings = {
				ASSETCATALOG_COMPILER_APPICON_NAME = AppIcon;
				CODE_SIGN_STYLE = Automatic;
				INFOPLIST_FILE = Nsmutable/Info.plist;
				LD_RUNPATH_SEARCH_PATHS = (
					"$(inherited)",
					"@executable_path/Frameworks",
				);
				PRODUCT_BUNDLE_IDENTIFIER = abc.Nsmutable;
				PRODUCT_NAME = "$(TARGET_NAME)";
				SWIFT_VERSION = 5.0;
				TARGETED_DEVICE_FAMILY = "1,2";
			};
			name = Debug;
		};
		868DF7E323461B4C00E00E7A /* Release */ = {
			isa = XCBuildConfiguration;
			buildSettings = {
				ASSETCATALOG_COMPILER_APPICON_NAME = AppIcon;
				CODE_SIGN_STYLE = Automatic;
				INFOPLIST_FILE = Nsmutable/Info.plist;
				LD_RUNPATH_SEARCH_PATHS = (
					"$(inherited)",
					"@executable_path/Frameworks",
				);
				PRODUCT_BUNDLE_IDENTIFIER = abc.Nsmutable;
				PRODUCT_NAME = "$(TARGET_NAME)";
				SWIFT_VERSION = 5.0;
				TARGETED_DEVICE_FAMILY = "1,2";
			};
			name = Release;
		};
/* End XCBuildConfiguration section */

/* Begin XCConfigurationList section */
		868DF7CA23461B4800E00E7A /* Build configuration list for PBXProject "Nsmutable" */ = {
			isa = XCConfigurationList;
			buildConfigurations = (
				868DF7DF23461B4C00E00E7A /* Debug */,
				868DF7E023461B4C00E00E7A /* Release */,
			);
			defaultConfigurationIsVisible = 0;
			defaultConfigurationName = Release;
		};
		868DF7E123461B4C00E00E7A /* Build configuration list for PBXNativeTarget "Nsmutable" */ = {
			isa = XCConfigurationList;
			buildConfigurations = (
				868DF7E223461B4C00E00E7A /* Debug */,
				868DF7E323461B4C00E00E7A /* Release */,
			);
			defaultConfigurationIsVisible = 0;
			defaultConfigurationName = Release;
		};
/* End XCConfigurationList section */
	};
	rootObject = 868DF7C723461B4800E00E7A /* Project object */;
}
