// !$*UTF8*$!
{
	archiveVersion = 1;
	classes = {
	};
	objectVersion = 50;
	objects = {

/* Begin PBXBuildFile section */
		868C68CA234720A9004589EE /* AppDelegate.swift in Sources */ = {isa = PBXBuildFile; fileRef = 868C68C9234720A9004589EE /* AppDelegate.swift */; };
		868C68CC234720A9004589EE /* ViewController.swift in Sources */ = {isa = PBXBuildFile; fileRef = 868C68CB234720A9004589EE /* ViewController.swift */; };
		868C68CF234720A9004589EE /* Main.storyboard in Resources */ = {isa = PBXBuildFile; fileRef = 868C68CD234720A9004589EE /* Main.storyboard */; };
		868C68D1234720BB004589EE /* Assets.xcassets in Resources */ = {isa = PBXBuildFile; fileRef = 868C68D0234720BB004589EE /* Assets.xcassets */; };
		868C68D4234720BB004589EE /* LaunchScreen.storyboard in Resources */ = {isa = PBXBuildFile; fileRef = 868C68D2234720BB004589EE /* LaunchScreen.storyboard */; };
		868C68DC23472248004589EE /* ViewController1.swift in Sources */ = {isa = PBXBuildFile; fileRef = 868C68DB23472248004589EE /* ViewController1.swift */; };
		868C68DE23472257004589EE /* TableViewCell.swift in Sources */ = {isa = PBXBuildFile; fileRef = 868C68DD23472257004589EE /* TableViewCell.swift */; };
		868C68E023472266004589EE /* ViewController2.swift in Sources */ = {isa = PBXBuildFile; fileRef = 868C68DF23472266004589EE /* ViewController2.swift */; };
/* End PBXBuildFile section */

/* Begin PBXFileReference section */
		868C68C6234720A9004589EE /* NsmutableDataTrans.app */ = {isa = PBXFileReference; explicitFileType = wrapper.application; includeInIndex = 0; path = NsmutableDataTrans.app; sourceTree = BUILT_PRODUCTS_DIR; };
		868C68C9234720A9004589EE /* AppDelegate.swift */ = {isa = PBXFileReference; lastKnownFileType = sourcecode.swift; path = AppDelegate.swift; sourceTree = "<group>"; };
		868C68CB234720A9004589EE /* ViewController.swift */ = {isa = PBXFileReference; lastKnownFileType = sourcecode.swift; path = ViewController.swift; sourceTree = "<group>"; };
		868C68CE234720A9004589EE /* Base */ = {isa = PBXFileReference; lastKnownFileType = file.storyboard; name = Base; path = Base.lproj/Main.storyboard; sourceTree = "<group>"; };
		868C68D0234720BB004589EE /* Assets.xcassets */ = {isa = PBXFileReference; lastKnownFileType = folder.assetcatalog; path = Assets.xcassets; sourceTree = "<group>"; };
		868C68D3234720BB004589EE /* Base */ = {isa = PBXFileReference; lastKnownFileType = file.storyboard; name = Base; path = Base.lproj/LaunchScreen.storyboard; sourceTree = "<group>"; };
		868C68D5234720BB004589EE /* Info.plist */ = {isa = PBXFileReference; lastKnownFileType = text.plist.xml; path = Info.plist; sourceTree = "<group>"; };
		868C68DB23472248004589EE /* ViewController1.swift */ = {isa = PBXFileReference; lastKnownFileType = sourcecode.swift; path = ViewController1.swift; sourceTree = "<group>"; };
		868C68DD23472257004589EE /* TableViewCell.swift */ = {isa = PBXFileReference; lastKnownFileType = sourcecode.swift; path = TableViewCell.swift; sourceTree = "<group>"; };
		868C68DF23472266004589EE /* ViewController2.swift */ = {isa = PBXFileReference; lastKnownFileType = sourcecode.swift; path = ViewController2.swift; sourceTree = "<group>"; };
/* End PBXFileReference section */

/* Begin PBXFrameworksBuildPhase section */
		868C68C3234720A9004589EE /* Frameworks */ = {
			isa = PBXFrameworksBuildPhase;
			buildActionMask = 2147483647;
			files = (
			);
			runOnlyForDeploymentPostprocessing = 0;
		};
/* End PBXFrameworksBuildPhase section */

/* Begin PBXGroup section */
		868C68BD234720A9004589EE = {
			isa = PBXGroup;
			children = (
				868C68C8234720A9004589EE /* NsmutableDataTrans */,
				868C68C7234720A9004589EE /* Products */,
			);
			sourceTree = "<group>";
		};
		868C68C7234720A9004589EE /* Products */ = {
			isa = PBXGroup;
			children = (
				868C68C6234720A9004589EE /* NsmutableDataTrans.app */,
			);
			name = Products;
			sourceTree = "<group>";
		};
		868C68C8234720A9004589EE /* NsmutableDataTrans */ = {
			isa = PBXGroup;
			children = (
				868C68C9234720A9004589EE /* AppDelegate.swift */,
				868C68CB234720A9004589EE /* ViewController.swift */,
				868C68CD234720A9004589EE /* Main.storyboard */,
				868C68DF23472266004589EE /* ViewController2.swift */,
				868C68DD23472257004589EE /* TableViewCell.swift */,
				868C68DB23472248004589EE /* ViewController1.swift */,
				868C68D0234720BB004589EE /* Assets.xcassets */,
				868C68D2234720BB004589EE /* LaunchScreen.storyboard */,
				868C68D5234720BB004589EE /* Info.plist */,
			);
			path = NsmutableDataTrans;
			sourceTree = "<group>";
		};
/* End PBXGroup section */

/* Begin PBXNativeTarget section */
		868C68C5234720A9004589EE /* NsmutableDataTrans */ = {
			isa = PBXNativeTarget;
			buildConfigurationList = 868C68D8234720BB004589EE /* Build configuration list for PBXNativeTarget "NsmutableDataTrans" */;
			buildPhases = (
				868C68C2234720A9004589EE /* Sources */,
				868C68C3234720A9004589EE /* Frameworks */,
				868C68C4234720A9004589EE /* Resources */,
			);
			buildRules = (
			);
			dependencies = (
			);
			name = NsmutableDataTrans;
			productName = NsmutableDataTrans;
			productReference = 868C68C6234720A9004589EE /* NsmutableDataTrans.app */;
			productType = "com.apple.product-type.application";
		};
/* End PBXNativeTarget section */

/* Begin PBXProject section */
		868C68BE234720A9004589EE /* Project object */ = {
			isa = PBXProject;
			attributes = {
				LastSwiftUpdateCheck = 1020;
				LastUpgradeCheck = 1020;
				ORGANIZATIONNAME = Training;
				TargetAttributes = {
					868C68C5234720A9004589EE = {
						CreatedOnToolsVersion = 10.2.1;
					};
				};
			};
			buildConfigurationList = 868C68C1234720A9004589EE /* Build configuration list for PBXProject "NsmutableDataTrans" */;
			compatibilityVersion = "Xcode 9.3";
			developmentRegion = en;
			hasScannedForEncodings = 0;
			knownRegions = (
				en,
				Base,
			);
			mainGroup = 868C68BD234720A9004589EE;
			productRefGroup = 868C68C7234720A9004589EE /* Products */;
			projectDirPath = "";
			projectRoot = "";
			targets = (
				868C68C5234720A9004589EE /* NsmutableDataTrans */,
			);
		};
/* End PBXProject section */

/* Begin PBXResourcesBuildPhase section */
		868C68C4234720A9004589EE /* Resources */ = {
			isa = PBXResourcesBuildPhase;
			buildActionMask = 2147483647;
			files = (
				868C68D4234720BB004589EE /* LaunchScreen.storyboard in Resources */,
				868C68D1234720BB004589EE /* Assets.xcassets in Resources */,
				868C68CF234720A9004589EE /* Main.storyboard in Resources */,
			);
			runOnlyForDeploymentPostprocessing = 0;
		};
/* End PBXResourcesBuildPhase section */

/* Begin PBXSourcesBuildPhase section */
		868C68C2234720A9004589EE /* Sources */ = {
			isa = PBXSourcesBuildPhase;
			buildActionMask = 2147483647;
			files = (
				868C68E023472266004589EE /* ViewController2.swift in Sources */,
				868C68DC23472248004589EE /* ViewController1.swift in Sources */,
				868C68DE23472257004589EE /* TableViewCell.swift in Sources */,
				868C68CC234720A9004589EE /* ViewController.swift in Sources */,
				868C68CA234720A9004589EE /* AppDelegate.swift in Sources */,
			);
			runOnlyForDeploymentPostprocessing = 0;
		};
/* End PBXSourcesBuildPhase section */

/* Begin PBXVariantGroup section */
		868C68CD234720A9004589EE /* Main.storyboard */ = {
			isa = PBXVariantGroup;
			children = (
				868C68CE234720A9004589EE /* Base */,
			);
			name = Main.storyboard;
			sourceTree = "<group>";
		};
		868C68D2234720BB004589EE /* LaunchScreen.storyboard */ = {
			isa = PBXVariantGroup;
			children = (
				868C68D3234720BB004589EE /* Base */,
			);
			name = LaunchScreen.storyboard;
			sourceTree = "<group>";
		};
/* End PBXVariantGroup section */

/* Begin XCBuildConfiguration section */
		868C68D6234720BB004589EE /* Debug */ = {
			isa = XCBuildConfiguration;
			buildSettings = {
				ALWAYS_SEARCH_USER_PATHS = NO;
				CLANG_ANALYZER_NONNULL = YES;
				CLANG_ANALYZER_NUMBER_OBJECT_CONVERSION = YES_AGGRESSIVE;
				CLANG_CXX_LANGUAGE_STANDARD = "gnu++14";
				CLANG_CXX_LIBRARY = "libc++";
				CLANG_ENABLE_MODULES = YES;
				CLANG_ENABLE_OBJC_ARC = YES;
				CLANG_ENABLE_OBJC_WEAK = YES;
				CLANG_WARN_BLOCK_CAPTURE_AUTORELEASING = YES;
				CLANG_WARN_BOOL_CONVERSION = YES;
				CLANG_WARN_COMMA = YES;
				CLANG_WARN_CONSTANT_CONVERSION = YES;
				CLANG_WARN_DEPRECATED_OBJC_IMPLEMENTATIONS = YES;
				CLANG_WARN_DIRECT_OBJC_ISA_USAGE = YES_ERROR;
				CLANG_WARN_DOCUMENTATION_COMMENTS = YES;
				CLANG_WARN_EMPTY_BODY = YES;
				CLANG_WARN_ENUM_CONVERSION = YES;
				CLANG_WARN_INFINITE_RECURSION = YES;
				CLANG_WARN_INT_CONVERSION = YES;
				CLANG_WARN_NON_LITERAL_NULL_CONVERSION = YES;
				CLANG_WARN_OBJC_IMPLICIT_RETAIN_SELF = YES;
				CLANG_WARN_OBJC_LITERAL_CONVERSION = YES;
				CLANG_WARN_OBJC_ROOT_CLASS = YES_ERROR;
				CLANG_WARN_RANGE_LOOP_ANALYSIS = YES;
				CLANG_WARN_STRICT_PROTOTYPES = YES;
				CLANG_WARN_SUSPICIOUS_MOVE = YES;
				CLANG_WARN_UNGUARDED_AVAILABILITY = YES_AGGRESSIVE;
				CLANG_WARN_UNREACHABLE_CODE = YES;
				CLANG_WARN__DUPLICATE_METHOD_MATCH = YES;
				CODE_SIGN_IDENTITY = "iPhone Developer";
				COPY_PHASE_STRIP = NO;
				DEBUG_INFORMATION_FORMAT = dwarf;
				ENABLE_STRICT_OBJC_MSGSEND = YES;
				ENABLE_TESTABILITY = YES;
				GCC_C_LANGUAGE_STANDARD = gnu11;
				GCC_DYNAMIC_NO_PIC = NO;
				GCC_NO_COMMON_BLOCKS = YES;
				GCC_OPTIMIZATION_LEVEL = 0;
				GCC_PREPROCESSOR_DEFINITIONS = (
					"DEBUG=1",
					"$(inherited)",
				);
				GCC_WARN_64_TO_32_BIT_CONVERSION = YES;
				GCC_WARN_ABOUT_RETURN_TYPE = YES_ERROR;
				GCC_WARN_UNDECLARED_SELECTOR = YES;
				GCC_WARN_UNINITIALIZED_AUTOS = YES_AGGRESSIVE;
				GCC_WARN_UNUSED_FUNCTION = YES;
				GCC_WARN_UNUSED_VARIABLE = YES;
				IPHONEOS_DEPLOYMENT_TARGET = 12.2;
				MTL_ENABLE_DEBUG_INFO = INCLUDE_SOURCE;
				MTL_FAST_MATH = YES;
				ONLY_ACTIVE_ARCH = YES;
				SDKROOT = iphoneos;
				SWIFT_ACTIVE_COMPILATION_CONDITIONS = DEBUG;
				SWIFT_OPTIMIZATION_LEVEL = "-Onone";
			};
			name = Debug;
		};
		868C68D7234720BB004589EE /* Release */ = {
			isa = XCBuildConfiguration;
			buildSettings = {
				ALWAYS_SEARCH_USER_PATHS = NO;
				CLANG_ANALYZER_NONNULL = YES;
				CLANG_ANALYZER_NUMBER_OBJECT_CONVERSION = YES_AGGRESSIVE;
				CLANG_CXX_LANGUAGE_STANDARD = "gnu++14";
				CLANG_CXX_LIBRARY = "libc++";
				CLANG_ENABLE_MODULES = YES;
				CLANG_ENABLE_OBJC_ARC = YES;
				CLANG_ENABLE_OBJC_WEAK = YES;
				CLANG_WARN_BLOCK_CAPTURE_AUTORELEASING = YES;
				CLANG_WARN_BOOL_CONVERSION = YES;
				CLANG_WARN_COMMA = YES;
				CLANG_WARN_CONSTANT_CONVERSION = YES;
				CLANG_WARN_DEPRECATED_OBJC_IMPLEMENTATIONS = YES;
				CLANG_WARN_DIRECT_OBJC_ISA_USAGE = YES_ERROR;
				CLANG_WARN_DOCUMENTATION_COMMENTS = YES;
				CLANG_WARN_EMPTY_BODY = YES;
				CLANG_WARN_ENUM_CONVERSION = YES;
				CLANG_WARN_INFINITE_RECURSION = YES;
				CLANG_WARN_INT_CONVERSION = YES;
				CLANG_WARN_NON_LITERAL_NULL_CONVERSION = YES;
				CLANG_WARN_OBJC_IMPLICIT_RETAIN_SELF = YES;
				CLANG_WARN_OBJC_LITERAL_CONVERSION = YES;
				CLANG_WARN_OBJC_ROOT_CLASS = YES_ERROR;
				CLANG_WARN_RANGE_LOOP_ANALYSIS = YES;
				CLANG_WARN_STRICT_PROTOTYPES = YES;
				CLANG_WARN_SUSPICIOUS_MOVE = YES;
				CLANG_WARN_UNGUARDED_AVAILABILITY = YES_AGGRESSIVE;
				CLANG_WARN_UNREACHABLE_CODE = YES;
				CLANG_WARN__DUPLICATE_METHOD_MATCH = YES;
				CODE_SIGN_IDENTITY = "iPhone Developer";
				COPY_PHASE_STRIP = NO;
				DEBUG_INFORMATION_FORMAT = "dwarf-with-dsym";
				ENABLE_NS_ASSERTIONS = NO;
				ENABLE_STRICT_OBJC_MSGSEND = YES;
				GCC_C_LANGUAGE_STANDARD = gnu11;
				GCC_NO_COMMON_BLOCKS = YES;
				GCC_WARN_64_TO_32_BIT_CONVERSION = YES;
				GCC_WARN_ABOUT_RETURN_TYPE = YES_ERROR;
				GCC_WARN_UNDECLARED_SELECTOR = YES;
				GCC_WARN_UNINITIALIZED_AUTOS = YES_AGGRESSIVE;
				GCC_WARN_UNUSED_FUNCTION = YES;
				GCC_WARN_UNUSED_VARIABLE = YES;
				IPHONEOS_DEPLOYMENT_TARGET = 12.2;
				MTL_ENABLE_DEBUG_INFO = NO;
				MTL_FAST_MATH = YES;
				SDKROOT = iphoneos;
				SWIFT_COMPILATION_MODE = wholemodule;
				SWIFT_OPTIMIZATION_LEVEL = "-O";
				VALIDATE_PRODUCT = YES;
			};
			name = Release;
		};
		868C68D9234720BB004589EE /* Debug */ = {
			isa = XCBuildConfiguration;
			buildSettings = {
				ASSETCATALOG_COMPILER_APPICON_NAME = AppIcon;
				CODE_SIGN_STYLE = Automatic;
				INFOPLIST_FILE = NsmutableDataTrans/Info.plist;
				LD_RUNPATH_SEARCH_PATHS = (
					"$(inherited)",
					"@executable_path/Frameworks",
				);
				PRODUCT_BUNDLE_IDENTIFIER = abc.NsmutableDataTrans;
				PRODUCT_NAME = "$(TARGET_NAME)";
				SWIFT_VERSION = 5.0;
				TARGETED_DEVICE_FAMILY = "1,2";
			};
			name = Debug;
		};
		868C68DA234720BB004589EE /* Release */ = {
			isa = XCBuildConfiguration;
			buildSettings = {
				ASSETCATALOG_COMPILER_APPICON_NAME = AppIcon;
				CODE_SIGN_STYLE = Automatic;
				INFOPLIST_FILE = NsmutableDataTrans/Info.plist;
				LD_RUNPATH_SEARCH_PATHS = (
					"$(inherited)",
					"@executable_path/Frameworks",
				);
				PRODUCT_BUNDLE_IDENTIFIER = abc.NsmutableDataTrans;
				PRODUCT_NAME = "$(TARGET_NAME)";
				SWIFT_VERSION = 5.0;
				TARGETED_DEVICE_FAMILY = "1,2";
			};
			name = Release;
		};
/* End XCBuildConfiguration section */

/* Begin XCConfigurationList section */
		868C68C1234720A9004589EE /* Build configuration list for PBXProject "NsmutableDataTrans" */ = {
			isa = XCConfigurationList;
			buildConfigurations = (
				868C68D6234720BB004589EE /* Debug */,
				868C68D7234720BB004589EE /* Release */,
			);
			defaultConfigurationIsVisible = 0;
			defaultConfigurationName = Release;
		};
		868C68D8234720BB004589EE /* Build configuration list for PBXNativeTarget "NsmutableDataTrans" */ = {
			isa = XCConfigurationList;
			buildConfigurations = (
				868C68D9234720BB004589EE /* Debug */,
				868C68DA234720BB004589EE /* Release */,
			);
			defaultConfigurationIsVisible = 0;
			defaultConfigurationName = Release;
		};
/* End XCConfigurationList section */
	};
	rootObject = 868C68BE234720A9004589EE /* Project object */;
}
