// !$*UTF8*$!
{
	archiveVersion = 1;
	classes = {
	};
	objectVersion = 51;
	objects = {

/* Begin PBXBuildFile section */
		52A7ED3122F8518D001C3FF8 /* AppDelegate.swift in Sources */ = {isa = PBXBuildFile; fileRef = 52A7ED3022F8518D001C3FF8 /* AppDelegate.swift */; };
		52A7ED3322F8518D001C3FF8 /* ViewController.swift in Sources */ = {isa = PBXBuildFile; fileRef = 52A7ED3222F8518D001C3FF8 /* ViewController.swift */; };
		52A7ED3622F8518D001C3FF8 /* Main.storyboard in Resources */ = {isa = PBXBuildFile; fileRef = 52A7ED3422F8518D001C3FF8 /* Main.storyboard */; };
		52A7ED3822F8519A001C3FF8 /* Assets.xcassets in Resources */ = {isa = PBXBuildFile; fileRef = 52A7ED3722F8519A001C3FF8 /* Assets.xcassets */; };
		52A7ED3B22F8519A001C3FF8 /* LaunchScreen.storyboard in Resources */ = {isa = PBXBuildFile; fileRef = 52A7ED3922F8519A001C3FF8 /* LaunchScreen.storyboard */; };
		52A7ED4322F853F6001C3FF8 /* ViewController2.swift in Sources */ = {isa = PBXBuildFile; fileRef = 52A7ED4222F853F6001C3FF8 /* ViewController2.swift */; };
		C26630CEC7F9CA22A1E192BD /* Pods_ProtocolTraining.framework in Frameworks */ = {isa = PBXBuildFile; fileRef = F7938392C1EEC4783AF041AA /* Pods_ProtocolTraining.framework */; };
/* End PBXBuildFile section */

/* Begin PBXFileReference section */
		0A493590BA31E67CA924BF63 /* Pods-ProtocolTraining.release.xcconfig */ = {isa = PBXFileReference; includeInIndex = 1; lastKnownFileType = text.xcconfig; name = "Pods-ProtocolTraining.release.xcconfig"; path = "Target Support Files/Pods-ProtocolTraining/Pods-ProtocolTraining.release.xcconfig"; sourceTree = "<group>"; };
		52A7ED2D22F8518D001C3FF8 /* ProtocolTraining.app */ = {isa = PBXFileReference; explicitFileType = wrapper.application; includeInIndex = 0; path = ProtocolTraining.app; sourceTree = BUILT_PRODUCTS_DIR; };
		52A7ED3022F8518D001C3FF8 /* AppDelegate.swift */ = {isa = PBXFileReference; lastKnownFileType = sourcecode.swift; path = AppDelegate.swift; sourceTree = "<group>"; };
		52A7ED3222F8518D001C3FF8 /* ViewController.swift */ = {isa = PBXFileReference; lastKnownFileType = sourcecode.swift; path = ViewController.swift; sourceTree = "<group>"; };
		52A7ED3522F8518D001C3FF8 /* Base */ = {isa = PBXFileReference; lastKnownFileType = file.storyboard; name = Base; path = Base.lproj/Main.storyboard; sourceTree = "<group>"; };
		52A7ED3722F8519A001C3FF8 /* Assets.xcassets */ = {isa = PBXFileReference; lastKnownFileType = folder.assetcatalog; path = Assets.xcassets; sourceTree = "<group>"; };
		52A7ED3A22F8519A001C3FF8 /* Base */ = {isa = PBXFileReference; lastKnownFileType = file.storyboard; name = Base; path = Base.lproj/LaunchScreen.storyboard; sourceTree = "<group>"; };
		52A7ED3C22F8519A001C3FF8 /* Info.plist */ = {isa = PBXFileReference; lastKnownFileType = text.plist.xml; path = Info.plist; sourceTree = "<group>"; };
		52A7ED4222F853F6001C3FF8 /* ViewController2.swift */ = {isa = PBXFileReference; lastKnownFileType = sourcecode.swift; path = ViewController2.swift; sourceTree = "<group>"; };
		BF72B1094558B0DA3E170936 /* Pods-ProtocolTraining.debug.xcconfig */ = {isa = PBXFileReference; includeInIndex = 1; lastKnownFileType = text.xcconfig; name = "Pods-ProtocolTraining.debug.xcconfig"; path = "Target Support Files/Pods-ProtocolTraining/Pods-ProtocolTraining.debug.xcconfig"; sourceTree = "<group>"; };
		F7938392C1EEC4783AF041AA /* Pods_ProtocolTraining.framework */ = {isa = PBXFileReference; explicitFileType = wrapper.framework; includeInIndex = 0; path = Pods_ProtocolTraining.framework; sourceTree = BUILT_PRODUCTS_DIR; };
/* End PBXFileReference section */

/* Begin PBXFrameworksBuildPhase section */
		52A7ED2A22F8518D001C3FF8 /* Frameworks */ = {
			isa = PBXFrameworksBuildPhase;
			buildActionMask = 2147483647;
			files = (
				C26630CEC7F9CA22A1E192BD /* Pods_ProtocolTraining.framework in Frameworks */,
			);
			runOnlyForDeploymentPostprocessing = 0;
		};
/* End PBXFrameworksBuildPhase section */

/* Begin PBXGroup section */
		1AB23515DF29B70DD2E8FCCF /* Frameworks */ = {
			isa = PBXGroup;
			children = (
				F7938392C1EEC4783AF041AA /* Pods_ProtocolTraining.framework */,
			);
			name = Frameworks;
			sourceTree = "<group>";
		};
		52A7ED2422F8518D001C3FF8 = {
			isa = PBXGroup;
			children = (
				52A7ED2F22F8518D001C3FF8 /* ProtocolTraining */,
				52A7ED2E22F8518D001C3FF8 /* Products */,
				A941C87114F977EC82303A28 /* Pods */,
				1AB23515DF29B70DD2E8FCCF /* Frameworks */,
			);
			sourceTree = "<group>";
		};
		52A7ED2E22F8518D001C3FF8 /* Products */ = {
			isa = PBXGroup;
			children = (
				52A7ED2D22F8518D001C3FF8 /* ProtocolTraining.app */,
			);
			name = Products;
			sourceTree = "<group>";
		};
		52A7ED2F22F8518D001C3FF8 /* ProtocolTraining */ = {
			isa = PBXGroup;
			children = (
				52A7ED3222F8518D001C3FF8 /* ViewController.swift */,
				52A7ED4222F853F6001C3FF8 /* ViewController2.swift */,
				52A7ED3422F8518D001C3FF8 /* Main.storyboard */,
				52A7ED3722F8519A001C3FF8 /* Assets.xcassets */,
				52A7ED3922F8519A001C3FF8 /* LaunchScreen.storyboard */,
				52A7ED3022F8518D001C3FF8 /* AppDelegate.swift */,
				52A7ED3C22F8519A001C3FF8 /* Info.plist */,
			);
			path = ProtocolTraining;
			sourceTree = "<group>";
		};
		A941C87114F977EC82303A28 /* Pods */ = {
			isa = PBXGroup;
			children = (
				BF72B1094558B0DA3E170936 /* Pods-ProtocolTraining.debug.xcconfig */,
				0A493590BA31E67CA924BF63 /* Pods-ProtocolTraining.release.xcconfig */,
			);
			path = Pods;
			sourceTree = "<group>";
		};
/* End PBXGroup section */

/* Begin PBXNativeTarget section */
		52A7ED2C22F8518D001C3FF8 /* ProtocolTraining */ = {
			isa = PBXNativeTarget;
			buildConfigurationList = 52A7ED3F22F8519A001C3FF8 /* Build configuration list for PBXNativeTarget "ProtocolTraining" */;
			buildPhases = (
				EF3BF43745BC2CB7D5DB8ECE /* [CP] Check Pods Manifest.lock */,
				52A7ED2922F8518D001C3FF8 /* Sources */,
				52A7ED2A22F8518D001C3FF8 /* Frameworks */,
				52A7ED2B22F8518D001C3FF8 /* Resources */,
				C8D310F6932D572D71519022 /* [CP] Embed Pods Frameworks */,
			);
			buildRules = (
			);
			dependencies = (
			);
			name = ProtocolTraining;
			productName = ProtocolTraining;
			productReference = 52A7ED2D22F8518D001C3FF8 /* ProtocolTraining.app */;
			productType = "com.apple.product-type.application";
		};
/* End PBXNativeTarget section */

/* Begin PBXProject section */
		52A7ED2522F8518D001C3FF8 /* Project object */ = {
			isa = PBXProject;
			attributes = {
				LastSwiftUpdateCheck = 1020;
				LastUpgradeCheck = 1020;
				ORGANIZATIONNAME = test;
				TargetAttributes = {
					52A7ED2C22F8518D001C3FF8 = {
						CreatedOnToolsVersion = 10.2;
					};
				};
			};
			buildConfigurationList = 52A7ED2822F8518D001C3FF8 /* Build configuration list for PBXProject "ProtocolTraining" */;
			compatibilityVersion = "Xcode 9.3";
			developmentRegion = en;
			hasScannedForEncodings = 0;
			knownRegions = (
				en,
				Base,
			);
			mainGroup = 52A7ED2422F8518D001C3FF8;
			productRefGroup = 52A7ED2E22F8518D001C3FF8 /* Products */;
			projectDirPath = "";
			projectRoot = "";
			targets = (
				52A7ED2C22F8518D001C3FF8 /* ProtocolTraining */,
			);
		};
/* End PBXProject section */

/* Begin PBXResourcesBuildPhase section */
		52A7ED2B22F8518D001C3FF8 /* Resources */ = {
			isa = PBXResourcesBuildPhase;
			buildActionMask = 2147483647;
			files = (
				52A7ED3B22F8519A001C3FF8 /* LaunchScreen.storyboard in Resources */,
				52A7ED3822F8519A001C3FF8 /* Assets.xcassets in Resources */,
				52A7ED3622F8518D001C3FF8 /* Main.storyboard in Resources */,
			);
			runOnlyForDeploymentPostprocessing = 0;
		};
/* End PBXResourcesBuildPhase section */

/* Begin PBXShellScriptBuildPhase section */
		C8D310F6932D572D71519022 /* [CP] Embed Pods Frameworks */ = {
			isa = PBXShellScriptBuildPhase;
			buildActionMask = 2147483647;
			files = (
			);
			inputFileListPaths = (
				"${PODS_ROOT}/Target Support Files/Pods-ProtocolTraining/Pods-ProtocolTraining-frameworks-${CONFIGURATION}-input-files.xcfilelist",
			);
			name = "[CP] Embed Pods Frameworks";
			outputFileListPaths = (
				"${PODS_ROOT}/Target Support Files/Pods-ProtocolTraining/Pods-ProtocolTraining-frameworks-${CONFIGURATION}-output-files.xcfilelist",
			);
			runOnlyForDeploymentPostprocessing = 0;
			shellPath = /bin/sh;
			shellScript = "\"${PODS_ROOT}/Target Support Files/Pods-ProtocolTraining/Pods-ProtocolTraining-frameworks.sh\"\n";
			showEnvVarsInLog = 0;
		};
		EF3BF43745BC2CB7D5DB8ECE /* [CP] Check Pods Manifest.lock */ = {
			isa = PBXShellScriptBuildPhase;
			buildActionMask = 2147483647;
			files = (
			);
			inputFileListPaths = (
			);
			inputPaths = (
				"${PODS_PODFILE_DIR_PATH}/Podfile.lock",
				"${PODS_ROOT}/Manifest.lock",
			);
			name = "[CP] Check Pods Manifest.lock";
			outputFileListPaths = (
			);
			outputPaths = (
				"$(DERIVED_FILE_DIR)/Pods-ProtocolTraining-checkManifestLockResult.txt",
			);
			runOnlyForDeploymentPostprocessing = 0;
			shellPath = /bin/sh;
			shellScript = "diff \"${PODS_PODFILE_DIR_PATH}/Podfile.lock\" \"${PODS_ROOT}/Manifest.lock\" > /dev/null\nif [ $? != 0 ] ; then\n    # print error to STDERR\n    echo \"error: The sandbox is not in sync with the Podfile.lock. Run 'pod install' or update your CocoaPods installation.\" >&2\n    exit 1\nfi\n# This output is used by Xcode 'outputs' to avoid re-running this script phase.\necho \"SUCCESS\" > \"${SCRIPT_OUTPUT_FILE_0}\"\n";
			showEnvVarsInLog = 0;
		};
/* End PBXShellScriptBuildPhase section */

/* Begin PBXSourcesBuildPhase section */
		52A7ED2922F8518D001C3FF8 /* Sources */ = {
			isa = PBXSourcesBuildPhase;
			buildActionMask = 2147483647;
			files = (
				52A7ED3322F8518D001C3FF8 /* ViewController.swift in Sources */,
				52A7ED3122F8518D001C3FF8 /* AppDelegate.swift in Sources */,
				52A7ED4322F853F6001C3FF8 /* ViewController2.swift in Sources */,
			);
			runOnlyForDeploymentPostprocessing = 0;
		};
/* End PBXSourcesBuildPhase section */

/* Begin PBXVariantGroup section */
		52A7ED3422F8518D001C3FF8 /* Main.storyboard */ = {
			isa = PBXVariantGroup;
			children = (
				52A7ED3522F8518D001C3FF8 /* Base */,
			);
			name = Main.storyboard;
			sourceTree = "<group>";
		};
		52A7ED3922F8519A001C3FF8 /* LaunchScreen.storyboard */ = {
			isa = PBXVariantGroup;
			children = (
				52A7ED3A22F8519A001C3FF8 /* Base */,
			);
			name = LaunchScreen.storyboard;
			sourceTree = "<group>";
		};
/* End PBXVariantGroup section */

/* Begin XCBuildConfiguration section */
		52A7ED3D22F8519A001C3FF8 /* Debug */ = {
			isa = XCBuildConfiguration;
			buildSettings = {
				ALWAYS_SEARCH_USER_PATHS = NO;
				CLANG_ANALYZER_NONNULL = YES;
				CLANG_ANALYZER_NUMBER_OBJECT_CONVERSION = YES_AGGRESSIVE;
				CLANG_CXX_LANGUAGE_STANDARD = "gnu++14";
				CLANG_CXX_LIBRARY = "libc++";
				CLANG_ENABLE_MODULES = YES;
				CLANG_ENABLE_OBJC_ARC = YES;
				CLANG_ENABLE_OBJC_WEAK = YES;
				CLANG_WARN_BLOCK_CAPTURE_AUTORELEASING = YES;
				CLANG_WARN_BOOL_CONVERSION = YES;
				CLANG_WARN_COMMA = YES;
				CLANG_WARN_CONSTANT_CONVERSION = YES;
				CLANG_WARN_DEPRECATED_OBJC_IMPLEMENTATIONS = YES;
				CLANG_WARN_DIRECT_OBJC_ISA_USAGE = YES_ERROR;
				CLANG_WARN_DOCUMENTATION_COMMENTS = YES;
				CLANG_WARN_EMPTY_BODY = YES;
				CLANG_WARN_ENUM_CONVERSION = YES;
				CLANG_WARN_INFINITE_RECURSION = YES;
				CLANG_WARN_INT_CONVERSION = YES;
				CLANG_WARN_NON_LITERAL_NULL_CONVERSION = YES;
				CLANG_WARN_OBJC_IMPLICIT_RETAIN_SELF = YES;
				CLANG_WARN_OBJC_LITERAL_CONVERSION = YES;
				CLANG_WARN_OBJC_ROOT_CLASS = YES_ERROR;
				CLANG_WARN_RANGE_LOOP_ANALYSIS = YES;
				CLANG_WARN_STRICT_PROTOTYPES = YES;
				CLANG_WARN_SUSPICIOUS_MOVE = YES;
				CLANG_WARN_UNGUARDED_AVAILABILITY = YES_AGGRESSIVE;
				CLANG_WARN_UNREACHABLE_CODE = YES;
				CLANG_WARN__DUPLICATE_METHOD_MATCH = YES;
				CODE_SIGN_IDENTITY = "iPhone Developer";
				COPY_PHASE_STRIP = NO;
				DEBUG_INFORMATION_FORMAT = dwarf;
				ENABLE_STRICT_OBJC_MSGSEND = YES;
				ENABLE_TESTABILITY = YES;
				GCC_C_LANGUAGE_STANDARD = gnu11;
				GCC_DYNAMIC_NO_PIC = NO;
				GCC_NO_COMMON_BLOCKS = YES;
				GCC_OPTIMIZATION_LEVEL = 0;
				GCC_PREPROCESSOR_DEFINITIONS = (
					"DEBUG=1",
					"$(inherited)",
				);
				GCC_WARN_64_TO_32_BIT_CONVERSION = YES;
				GCC_WARN_ABOUT_RETURN_TYPE = YES_ERROR;
				GCC_WARN_UNDECLARED_SELECTOR = YES;
				GCC_WARN_UNINITIALIZED_AUTOS = YES_AGGRESSIVE;
				GCC_WARN_UNUSED_FUNCTION = YES;
				GCC_WARN_UNUSED_VARIABLE = YES;
				IPHONEOS_DEPLOYMENT_TARGET = 12.2;
				MTL_ENABLE_DEBUG_INFO = INCLUDE_SOURCE;
				MTL_FAST_MATH = YES;
				ONLY_ACTIVE_ARCH = YES;
				SDKROOT = iphoneos;
				SWIFT_ACTIVE_COMPILATION_CONDITIONS = DEBUG;
				SWIFT_OPTIMIZATION_LEVEL = "-Onone";
			};
			name = Debug;
		};
		52A7ED3E22F8519A001C3FF8 /* Release */ = {
			isa = XCBuildConfiguration;
			buildSettings = {
				ALWAYS_SEARCH_USER_PATHS = NO;
				CLANG_ANALYZER_NONNULL = YES;
				CLANG_ANALYZER_NUMBER_OBJECT_CONVERSION = YES_AGGRESSIVE;
				CLANG_CXX_LANGUAGE_STANDARD = "gnu++14";
				CLANG_CXX_LIBRARY = "libc++";
				CLANG_ENABLE_MODULES = YES;
				CLANG_ENABLE_OBJC_ARC = YES;
				CLANG_ENABLE_OBJC_WEAK = YES;
				CLANG_WARN_BLOCK_CAPTURE_AUTORELEASING = YES;
				CLANG_WARN_BOOL_CONVERSION = YES;
				CLANG_WARN_COMMA = YES;
				CLANG_WARN_CONSTANT_CONVERSION = YES;
				CLANG_WARN_DEPRECATED_OBJC_IMPLEMENTATIONS = YES;
				CLANG_WARN_DIRECT_OBJC_ISA_USAGE = YES_ERROR;
				CLANG_WARN_DOCUMENTATION_COMMENTS = YES;
				CLANG_WARN_EMPTY_BODY = YES;
				CLANG_WARN_ENUM_CONVERSION = YES;
				CLANG_WARN_INFINITE_RECURSION = YES;
				CLANG_WARN_INT_CONVERSION = YES;
				CLANG_WARN_NON_LITERAL_NULL_CONVERSION = YES;
				CLANG_WARN_OBJC_IMPLICIT_RETAIN_SELF = YES;
				CLANG_WARN_OBJC_LITERAL_CONVERSION = YES;
				CLANG_WARN_OBJC_ROOT_CLASS = YES_ERROR;
				CLANG_WARN_RANGE_LOOP_ANALYSIS = YES;
				CLANG_WARN_STRICT_PROTOTYPES = YES;
				CLANG_WARN_SUSPICIOUS_MOVE = YES;
				CLANG_WARN_UNGUARDED_AVAILABILITY = YES_AGGRESSIVE;
				CLANG_WARN_UNREACHABLE_CODE = YES;
				CLANG_WARN__DUPLICATE_METHOD_MATCH = YES;
				CODE_SIGN_IDENTITY = "iPhone Developer";
				COPY_PHASE_STRIP = NO;
				DEBUG_INFORMATION_FORMAT = "dwarf-with-dsym";
				ENABLE_NS_ASSERTIONS = NO;
				ENABLE_STRICT_OBJC_MSGSEND = YES;
				GCC_C_LANGUAGE_STANDARD = gnu11;
				GCC_NO_COMMON_BLOCKS = YES;
				GCC_WARN_64_TO_32_BIT_CONVERSION = YES;
				GCC_WARN_ABOUT_RETURN_TYPE = YES_ERROR;
				GCC_WARN_UNDECLARED_SELECTOR = YES;
				GCC_WARN_UNINITIALIZED_AUTOS = YES_AGGRESSIVE;
				GCC_WARN_UNUSED_FUNCTION = YES;
				GCC_WARN_UNUSED_VARIABLE = YES;
				IPHONEOS_DEPLOYMENT_TARGET = 12.2;
				MTL_ENABLE_DEBUG_INFO = NO;
				MTL_FAST_MATH = YES;
				SDKROOT = iphoneos;
				SWIFT_COMPILATION_MODE = wholemodule;
				SWIFT_OPTIMIZATION_LEVEL = "-O";
				VALIDATE_PRODUCT = YES;
			};
			name = Release;
		};
		52A7ED4022F8519A001C3FF8 /* Debug */ = {
			isa = XCBuildConfiguration;
			baseConfigurationReference = BF72B1094558B0DA3E170936 /* Pods-ProtocolTraining.debug.xcconfig */;
			buildSettings = {
				ASSETCATALOG_COMPILER_APPICON_NAME = AppIcon;
				CODE_SIGN_STYLE = Automatic;
				INFOPLIST_FILE = ProtocolTraining/Info.plist;
				LD_RUNPATH_SEARCH_PATHS = (
					"$(inherited)",
					"@executable_path/Frameworks",
				);
				PRODUCT_BUNDLE_IDENTIFIER = Abcd.ProtocolTraining;
				PRODUCT_NAME = "$(TARGET_NAME)";
				SWIFT_VERSION = 5.0;
				TARGETED_DEVICE_FAMILY = "1,2";
			};
			name = Debug;
		};
		52A7ED4122F8519A001C3FF8 /* Release */ = {
			isa = XCBuildConfiguration;
			baseConfigurationReference = 0A493590BA31E67CA924BF63 /* Pods-ProtocolTraining.release.xcconfig */;
			buildSettings = {
				ASSETCATALOG_COMPILER_APPICON_NAME = AppIcon;
				CODE_SIGN_STYLE = Automatic;
				INFOPLIST_FILE = ProtocolTraining/Info.plist;
				LD_RUNPATH_SEARCH_PATHS = (
					"$(inherited)",
					"@executable_path/Frameworks",
				);
				PRODUCT_BUNDLE_IDENTIFIER = Abcd.ProtocolTraining;
				PRODUCT_NAME = "$(TARGET_NAME)";
				SWIFT_VERSION = 5.0;
				TARGETED_DEVICE_FAMILY = "1,2";
			};
			name = Release;
		};
/* End XCBuildConfiguration section */

/* Begin XCConfigurationList section */
		52A7ED2822F8518D001C3FF8 /* Build configuration list for PBXProject "ProtocolTraining" */ = {
			isa = XCConfigurationList;
			buildConfigurations = (
				52A7ED3D22F8519A001C3FF8 /* Debug */,
				52A7ED3E22F8519A001C3FF8 /* Release */,
			);
			defaultConfigurationIsVisible = 0;
			defaultConfigurationName = Release;
		};
		52A7ED3F22F8519A001C3FF8 /* Build configuration list for PBXNativeTarget "ProtocolTraining" */ = {
			isa = XCConfigurationList;
			buildConfigurations = (
				52A7ED4022F8519A001C3FF8 /* Debug */,
				52A7ED4122F8519A001C3FF8 /* Release */,
			);
			defaultConfigurationIsVisible = 0;
			defaultConfigurationName = Release;
		};
/* End XCConfigurationList section */
	};
	rootObject = 52A7ED2522F8518D001C3FF8 /* Project object */;
}
